// !$*UTF8*$!
{
	archiveVersion = 1;
	classes = {
	};
	objectVersion = 56;
	objects = {

/* Begin PBXBuildFile section */
		027584EA295E10DD00D306C7 /* AppDelegate.swift in Sources */ = {isa = PBXBuildFile; fileRef = 027584E9295E10DD00D306C7 /* AppDelegate.swift */; };
		027584EC295E10DD00D306C7 /* SceneDelegate.swift in Sources */ = {isa = PBXBuildFile; fileRef = 027584EB295E10DD00D306C7 /* SceneDelegate.swift */; };
		027584EE295E10DD00D306C7 /* ViewController.swift in Sources */ = {isa = PBXBuildFile; fileRef = 027584ED295E10DD00D306C7 /* ViewController.swift */; };
		027584F1295E10DD00D306C7 /* Main.storyboard in Resources */ = {isa = PBXBuildFile; fileRef = 027584EF295E10DD00D306C7 /* Main.storyboard */; };
		027584F3295E10DE00D306C7 /* Assets.xcassets in Resources */ = {isa = PBXBuildFile; fileRef = 027584F2295E10DE00D306C7 /* Assets.xcassets */; };
		027584F6295E10DE00D306C7 /* LaunchScreen.storyboard in Resources */ = {isa = PBXBuildFile; fileRef = 027584F4295E10DE00D306C7 /* LaunchScreen.storyboard */; };
		02758503295E149000D306C7 /* todoModel.swift in Sources */ = {isa = PBXBuildFile; fileRef = 02758502295E149000D306C7 /* todoModel.swift */; };
		02758505295E156A00D306C7 /* todoViewModel.swift in Sources */ = {isa = PBXBuildFile; fileRef = 02758504295E156A00D306C7 /* todoViewModel.swift */; };
		02758508295E15D800D306C7 /* downloadAndPraseJSON.swift in Sources */ = {isa = PBXBuildFile; fileRef = 02758507295E15D800D306C7 /* downloadAndPraseJSON.swift */; };
/* End PBXBuildFile section */

/* Begin PBXFileReference section */
		027584E6295E10DD00D306C7 /* NetowrkJSON.app */ = {isa = PBXFileReference; explicitFileType = wrapper.application; includeInIndex = 0; path = NetowrkJSON.app; sourceTree = BUILT_PRODUCTS_DIR; };
		027584E9295E10DD00D306C7 /* AppDelegate.swift */ = {isa = PBXFileReference; lastKnownFileType = sourcecode.swift; path = AppDelegate.swift; sourceTree = "<group>"; };
		027584EB295E10DD00D306C7 /* SceneDelegate.swift */ = {isa = PBXFileReference; lastKnownFileType = sourcecode.swift; path = SceneDelegate.swift; sourceTree = "<group>"; };
		027584ED295E10DD00D306C7 /* ViewController.swift */ = {isa = PBXFileReference; lastKnownFileType = sourcecode.swift; path = ViewController.swift; sourceTree = "<group>"; };
		027584F0295E10DD00D306C7 /* Base */ = {isa = PBXFileReference; lastKnownFileType = file.storyboard; name = Base; path = Base.lproj/Main.storyboard; sourceTree = "<group>"; };
		027584F2295E10DE00D306C7 /* Assets.xcassets */ = {isa = PBXFileReference; lastKnownFileType = folder.assetcatalog; path = Assets.xcassets; sourceTree = "<group>"; };
		027584F5295E10DE00D306C7 /* Base */ = {isa = PBXFileReference; lastKnownFileType = file.storyboard; name = Base; path = Base.lproj/LaunchScreen.storyboard; sourceTree = "<group>"; };
		027584F7295E10DE00D306C7 /* Info.plist */ = {isa = PBXFileReference; lastKnownFileType = text.plist.xml; path = Info.plist; sourceTree = "<group>"; };
		02758502295E149000D306C7 /* todoModel.swift */ = {isa = PBXFileReference; lastKnownFileType = sourcecode.swift; path = todoModel.swift; sourceTree = "<group>"; };
		02758504295E156A00D306C7 /* todoViewModel.swift */ = {isa = PBXFileReference; lastKnownFileType = sourcecode.swift; path = todoViewModel.swift; sourceTree = "<group>"; };
		02758507295E15D800D306C7 /* downloadAndPraseJSON.swift */ = {isa = PBXFileReference; lastKnownFileType = sourcecode.swift; path = downloadAndPraseJSON.swift; sourceTree = "<group>"; };
/* End PBXFileReference section */

/* Begin PBXFrameworksBuildPhase section */
		027584E3295E10DD00D306C7 /* Frameworks */ = {
			isa = PBXFrameworksBuildPhase;
			buildActionMask = 2147483647;
			files = (
			);
			runOnlyForDeploymentPostprocessing = 0;
		};
/* End PBXFrameworksBuildPhase section */

/* Begin PBXGroup section */
		027584DD295E10DD00D306C7 = {
			isa = PBXGroup;
			children = (
				027584E8295E10DD00D306C7 /* NetowrkJSON */,
				027584E7295E10DD00D306C7 /* Products */,
			);
			sourceTree = "<group>";
		};
		027584E7295E10DD00D306C7 /* Products */ = {
			isa = PBXGroup;
			children = (
				027584E6295E10DD00D306C7 /* NetowrkJSON.app */,
			);
			name = Products;
			sourceTree = "<group>";
		};
		027584E8295E10DD00D306C7 /* NetowrkJSON */ = {
			isa = PBXGroup;
			children = (
				02758506295E15B800D306C7 /* downloadAndParseJSON */,
				02758501295E128600D306C7 /* Models */,
				027584FE295E11F300D306C7 /* ViewModels */,
				027584E9295E10DD00D306C7 /* AppDelegate.swift */,
				027584EB295E10DD00D306C7 /* SceneDelegate.swift */,
				027584ED295E10DD00D306C7 /* ViewController.swift */,
				027584EF295E10DD00D306C7 /* Main.storyboard */,
				027584F2295E10DE00D306C7 /* Assets.xcassets */,
				027584F4295E10DE00D306C7 /* LaunchScreen.storyboard */,
				027584F7295E10DE00D306C7 /* Info.plist */,
			);
			path = NetowrkJSON;
			sourceTree = "<group>";
		};
		027584FE295E11F300D306C7 /* ViewModels */ = {
			isa = PBXGroup;
			children = (
				02758504295E156A00D306C7 /* todoViewModel.swift */,
			);
			path = ViewModels;
			sourceTree = "<group>";
		};
		02758501295E128600D306C7 /* Models */ = {
			isa = PBXGroup;
			children = (
				02758502295E149000D306C7 /* todoModel.swift */,
			);
			path = Models;
			sourceTree = "<group>";
		};
		02758506295E15B800D306C7 /* downloadAndParseJSON */ = {
			isa = PBXGroup;
			children = (
				02758507295E15D800D306C7 /* downloadAndPraseJSON.swift */,
			);
			path = downloadAndParseJSON;
			sourceTree = "<group>";
		};
/* End PBXGroup section */

/* Begin PBXNativeTarget section */
		027584E5295E10DD00D306C7 /* NetowrkJSON */ = {
			isa = PBXNativeTarget;
			buildConfigurationList = 027584FA295E10DE00D306C7 /* Build configuration list for PBXNativeTarget "NetowrkJSON" */;
			buildPhases = (
				027584E2295E10DD00D306C7 /* Sources */,
				027584E3295E10DD00D306C7 /* Frameworks */,
				027584E4295E10DD00D306C7 /* Resources */,
			);
			buildRules = (
			);
			dependencies = (
			);
			name = NetowrkJSON;
			productName = NetowrkJSON;
			productReference = 027584E6295E10DD00D306C7 /* NetowrkJSON.app */;
			productType = "com.apple.product-type.application";
		};
/* End PBXNativeTarget section */

/* Begin PBXProject section */
		027584DE295E10DD00D306C7 /* Project object */ = {
			isa = PBXProject;
			attributes = {
				BuildIndependentTargetsInParallel = 1;
				LastSwiftUpdateCheck = 1420;
				LastUpgradeCheck = 1420;
				TargetAttributes = {
					027584E5295E10DD00D306C7 = {
						CreatedOnToolsVersion = 14.2;
					};
				};
			};
			buildConfigurationList = 027584E1295E10DD00D306C7 /* Build configuration list for PBXProject "NetowrkJSON" */;
			compatibilityVersion = "Xcode 14.0";
			developmentRegion = en;
			hasScannedForEncodings = 0;
			knownRegions = (
				en,
				Base,
			);
			mainGroup = 027584DD295E10DD00D306C7;
			productRefGroup = 027584E7295E10DD00D306C7 /* Products */;
			projectDirPath = "";
			projectRoot = "";
			targets = (
				027584E5295E10DD00D306C7 /* NetowrkJSON */,
			);
		};
/* End PBXProject section */

/* Begin PBXResourcesBuildPhase section */
		027584E4295E10DD00D306C7 /* Resources */ = {
			isa = PBXResourcesBuildPhase;
			buildActionMask = 2147483647;
			files = (
				027584F6295E10DE00D306C7 /* LaunchScreen.storyboard in Resources */,
				027584F3295E10DE00D306C7 /* Assets.xcassets in Resources */,
				027584F1295E10DD00D306C7 /* Main.storyboard in Resources */,
			);
			runOnlyForDeploymentPostprocessing = 0;
		};
/* End PBXResourcesBuildPhase section */

/* Begin PBXSourcesBuildPhase section */
		027584E2295E10DD00D306C7 /* Sources */ = {
			isa = PBXSourcesBuildPhase;
			buildActionMask = 2147483647;
			files = (
				027584EE295E10DD00D306C7 /* ViewController.swift in Sources */,
				02758508295E15D800D306C7 /* downloadAndPraseJSON.swift in Sources */,
				02758503295E149000D306C7 /* todoModel.swift in Sources */,
				027584EA295E10DD00D306C7 /* AppDelegate.swift in Sources */,
				027584EC295E10DD00D306C7 /* SceneDelegate.swift in Sources */,
				02758505295E156A00D306C7 /* todoViewModel.swift in Sources */,
			);
			runOnlyForDeploymentPostprocessing = 0;
		};
/* End PBXSourcesBuildPhase section */

/* Begin PBXVariantGroup section */
		027584EF295E10DD00D306C7 /* Main.storyboard */ = {
			isa = PBXVariantGroup;
			children = (
				027584F0295E10DD00D306C7 /* Base */,
			);
			name = Main.storyboard;
			sourceTree = "<group>";
		};
		027584F4295E10DE00D306C7 /* LaunchScreen.storyboard */ = {
			isa = PBXVariantGroup;
			children = (
				027584F5295E10DE00D306C7 /* Base */,
			);
			name = LaunchScreen.storyboard;
			sourceTree = "<group>";
		};
/* End PBXVariantGroup section */

/* Begin XCBuildConfiguration section */
		027584F8295E10DE00D306C7 /* Debug */ = {
			isa = XCBuildConfiguration;
			buildSettings = {
				ALWAYS_SEARCH_USER_PATHS = NO;
				CLANG_ANALYZER_NONNULL = YES;
				CLANG_ANALYZER_NUMBER_OBJECT_CONVERSION = YES_AGGRESSIVE;
				CLANG_CXX_LANGUAGE_STANDARD = "gnu++20";
				CLANG_ENABLE_MODULES = YES;
				CLANG_ENABLE_OBJC_ARC = YES;
				CLANG_ENABLE_OBJC_WEAK = YES;
				CLANG_WARN_BLOCK_CAPTURE_AUTORELEASING = YES;
				CLANG_WARN_BOOL_CONVERSION = YES;
				CLANG_WARN_COMMA = YES;
				CLANG_WARN_CONSTANT_CONVERSION = YES;
				CLANG_WARN_DEPRECATED_OBJC_IMPLEMENTATIONS = YES;
				CLANG_WARN_DIRECT_OBJC_ISA_USAGE = YES_ERROR;
				CLANG_WARN_DOCUMENTATION_COMMENTS = YES;
				CLANG_WARN_EMPTY_BODY = YES;
				CLANG_WARN_ENUM_CONVERSION = YES;
				CLANG_WARN_INFINITE_RECURSION = YES;
				CLANG_WARN_INT_CONVERSION = YES;
				CLANG_WARN_NON_LITERAL_NULL_CONVERSION = YES;
				CLANG_WARN_OBJC_IMPLICIT_RETAIN_SELF = YES;
				CLANG_WARN_OBJC_LITERAL_CONVERSION = YES;
				CLANG_WARN_OBJC_ROOT_CLASS = YES_ERROR;
				CLANG_WARN_QUOTED_INCLUDE_IN_FRAMEWORK_HEADER = YES;
				CLANG_WARN_RANGE_LOOP_ANALYSIS = YES;
				CLANG_WARN_STRICT_PROTOTYPES = YES;
				CLANG_WARN_SUSPICIOUS_MOVE = YES;
				CLANG_WARN_UNGUARDED_AVAILABILITY = YES_AGGRESSIVE;
				CLANG_WARN_UNREACHABLE_CODE = YES;
				CLANG_WARN__DUPLICATE_METHOD_MATCH = YES;
				COPY_PHASE_STRIP = NO;
				DEBUG_INFORMATION_FORMAT = dwarf;
				ENABLE_STRICT_OBJC_MSGSEND = YES;
				ENABLE_TESTABILITY = YES;
				GCC_C_LANGUAGE_STANDARD = gnu11;
				GCC_DYNAMIC_NO_PIC = NO;
				GCC_NO_COMMON_BLOCKS = YES;
				GCC_OPTIMIZATION_LEVEL = 0;
				GCC_PREPROCESSOR_DEFINITIONS = (
					"DEBUG=1",
					"$(inherited)",
				);
				GCC_WARN_64_TO_32_BIT_CONVERSION = YES;
				GCC_WARN_ABOUT_RETURN_TYPE = YES_ERROR;
				GCC_WARN_UNDECLARED_SELECTOR = YES;
				GCC_WARN_UNINITIALIZED_AUTOS = YES_AGGRESSIVE;
				GCC_WARN_UNUSED_FUNCTION = YES;
				GCC_WARN_UNUSED_VARIABLE = YES;
				IPHONEOS_DEPLOYMENT_TARGET = 16.2;
				MTL_ENABLE_DEBUG_INFO = INCLUDE_SOURCE;
				MTL_FAST_MATH = YES;
				ONLY_ACTIVE_ARCH = YES;
				SDKROOT = iphoneos;
				SWIFT_ACTIVE_COMPILATION_CONDITIONS = DEBUG;
				SWIFT_OPTIMIZATION_LEVEL = "-Onone";
			};
			name = Debug;
		};
		027584F9295E10DE00D306C7 /* Release */ = {
			isa = XCBuildConfiguration;
			buildSettings = {
				ALWAYS_SEARCH_USER_PATHS = NO;
				CLANG_ANALYZER_NONNULL = YES;
				CLANG_ANALYZER_NUMBER_OBJECT_CONVERSION = YES_AGGRESSIVE;
				CLANG_CXX_LANGUAGE_STANDARD = "gnu++20";
				CLANG_ENABLE_MODULES = YES;
				CLANG_ENABLE_OBJC_ARC = YES;
				CLANG_ENABLE_OBJC_WEAK = YES;
				CLANG_WARN_BLOCK_CAPTURE_AUTORELEASING = YES;
				CLANG_WARN_BOOL_CONVERSION = YES;
				CLANG_WARN_COMMA = YES;
				CLANG_WARN_CONSTANT_CONVERSION = YES;
				CLANG_WARN_DEPRECATED_OBJC_IMPLEMENTATIONS = YES;
				CLANG_WARN_DIRECT_OBJC_ISA_USAGE = YES_ERROR;
				CLANG_WARN_DOCUMENTATION_COMMENTS = YES;
				CLANG_WARN_EMPTY_BODY = YES;
				CLANG_WARN_ENUM_CONVERSION = YES;
				CLANG_WARN_INFINITE_RECURSION = YES;
				CLANG_WARN_INT_CONVERSION = YES;
				CLANG_WARN_NON_LITERAL_NULL_CONVERSION = YES;
				CLANG_WARN_OBJC_IMPLICIT_RETAIN_SELF = YES;
				CLANG_WARN_OBJC_LITERAL_CONVERSION = YES;
				CLANG_WARN_OBJC_ROOT_CLASS = YES_ERROR;
				CLANG_WARN_QUOTED_INCLUDE_IN_FRAMEWORK_HEADER = YES;
				CLANG_WARN_RANGE_LOOP_ANALYSIS = YES;
				CLANG_WARN_STRICT_PROTOTYPES = YES;
				CLANG_WARN_SUSPICIOUS_MOVE = YES;
				CLANG_WARN_UNGUARDED_AVAILABILITY = YES_AGGRESSIVE;
				CLANG_WARN_UNREACHABLE_CODE = YES;
				CLANG_WARN__DUPLICATE_METHOD_MATCH = YES;
				COPY_PHASE_STRIP = NO;
				DEBUG_INFORMATION_FORMAT = "dwarf-with-dsym";
				ENABLE_NS_ASSERTIONS = NO;
				ENABLE_STRICT_OBJC_MSGSEND = YES;
				GCC_C_LANGUAGE_STANDARD = gnu11;
				GCC_NO_COMMON_BLOCKS = YES;
				GCC_WARN_64_TO_32_BIT_CONVERSION = YES;
				GCC_WARN_ABOUT_RETURN_TYPE = YES_ERROR;
				GCC_WARN_UNDECLARED_SELECTOR = YES;
				GCC_WARN_UNINITIALIZED_AUTOS = YES_AGGRESSIVE;
				GCC_WARN_UNUSED_FUNCTION = YES;
				GCC_WARN_UNUSED_VARIABLE = YES;
				IPHONEOS_DEPLOYMENT_TARGET = 16.2;
				MTL_ENABLE_DEBUG_INFO = NO;
				MTL_FAST_MATH = YES;
				SDKROOT = iphoneos;
				SWIFT_COMPILATION_MODE = wholemodule;
				SWIFT_OPTIMIZATION_LEVEL = "-O";
				VALIDATE_PRODUCT = YES;
			};
			name = Release;
		};
		027584FB295E10DE00D306C7 /* Debug */ = {
			isa = XCBuildConfiguration;
			buildSettings = {
				ASSETCATALOG_COMPILER_APPICON_NAME = AppIcon;
				ASSETCATALOG_COMPILER_GLOBAL_ACCENT_COLOR_NAME = AccentColor;
				CODE_SIGN_STYLE = Automatic;
				CURRENT_PROJECT_VERSION = 1;
				GENERATE_INFOPLIST_FILE = YES;
				INFOPLIST_FILE = NetowrkJSON/Info.plist;
				INFOPLIST_KEY_UIApplicationSupportsIndirectInputEvents = YES;
				INFOPLIST_KEY_UILaunchStoryboardName = LaunchScreen;
				INFOPLIST_KEY_UIMainStoryboardFile = Main;
				INFOPLIST_KEY_UISupportedInterfaceOrientations_iPad = "UIInterfaceOrientationPortrait UIInterfaceOrientationPortraitUpsideDown UIInterfaceOrientationLandscapeLeft UIInterfaceOrientationLandscapeRight";
				INFOPLIST_KEY_UISupportedInterfaceOrientations_iPhone = "UIInterfaceOrientationPortrait UIInterfaceOrientationLandscapeLeft UIInterfaceOrientationLandscapeRight";
				LD_RUNPATH_SEARCH_PATHS = (
					"$(inherited)",
					"@executable_path/Frameworks",
				);
				MARKETING_VERSION = 1.0;
				PRODUCT_BUNDLE_IDENTIFIER = com.enhanceit.NetowrkJSON;
				PRODUCT_NAME = "$(TARGET_NAME)";
				SWIFT_EMIT_LOC_STRINGS = YES;
				SWIFT_VERSION = 5.0;
				TARGETED_DEVICE_FAMILY = "1,2";
			};
			name = Debug;
		};
		027584FC295E10DE00D306C7 /* Release */ = {
			isa = XCBuildConfiguration;
			buildSettings = {
				ASSETCATALOG_COMPILER_APPICON_NAME = AppIcon;
				ASSETCATALOG_COMPILER_GLOBAL_ACCENT_COLOR_NAME = AccentColor;
				CODE_SIGN_STYLE = Automatic;
				CURRENT_PROJECT_VERSION = 1;
				GENERATE_INFOPLIST_FILE = YES;
				INFOPLIST_FILE = NetowrkJSON/Info.plist;
				INFOPLIST_KEY_UIApplicationSupportsIndirectInputEvents = YES;
				INFOPLIST_KEY_UILaunchStoryboardName = LaunchScreen;
				INFOPLIST_KEY_UIMainStoryboardFile = Main;
				INFOPLIST_KEY_UISupportedInterfaceOrientations_iPad = "UIInterfaceOrientationPortrait UIInterfaceOrientationPortraitUpsideDown UIInterfaceOrientationLandscapeLeft UIInterfaceOrientationLandscapeRight";
				INFOPLIST_KEY_UISupportedInterfaceOrientations_iPhone = "UIInterfaceOrientationPortrait UIInterfaceOrientationLandscapeLeft UIInterfaceOrientationLandscapeRight";
				LD_RUNPATH_SEARCH_PATHS = (
					"$(inherited)",
					"@executable_path/Frameworks",
				);
				MARKETING_VERSION = 1.0;
				PRODUCT_BUNDLE_IDENTIFIER = com.enhanceit.NetowrkJSON;
				PRODUCT_NAME = "$(TARGET_NAME)";
				SWIFT_EMIT_LOC_STRINGS = YES;
				SWIFT_VERSION = 5.0;
				TARGETED_DEVICE_FAMILY = "1,2";
			};
			name = Release;
		};
/* End XCBuildConfiguration section */

/* Begin XCConfigurationList section */
		027584E1295E10DD00D306C7 /* Build configuration list for PBXProject "NetowrkJSON" */ = {
			isa = XCConfigurationList;
			buildConfigurations = (
				027584F8295E10DE00D306C7 /* Debug */,
				027584F9295E10DE00D306C7 /* Release */,
			);
			defaultConfigurationIsVisible = 0;
			defaultConfigurationName = Release;
		};
		027584FA295E10DE00D306C7 /* Build configuration list for PBXNativeTarget "NetowrkJSON" */ = {
			isa = XCConfigurationList;
			buildConfigurations = (
				027584FB295E10DE00D306C7 /* Debug */,
				027584FC295E10DE00D306C7 /* Release */,
			);
			defaultConfigurationIsVisible = 0;
			defaultConfigurationName = Release;
		};
/* End XCConfigurationList section */
	};
	rootObject = 027584DE295E10DD00D306C7 /* Project object */;
}
